// !$*UTF8*$!
{
	archiveVersion = 1;
	classes = {
	};
	objectVersion = 55;
	objects = {

/* Begin PBXBuildFile section */
		A1147E16268912E5004FCC79 /* AppDelegate.swift in Sources */ = {isa = PBXBuildFile; fileRef = A1147E15268912E5004FCC79 /* AppDelegate.swift */; };
		A1147E18268912E5004FCC79 /* SceneDelegate.swift in Sources */ = {isa = PBXBuildFile; fileRef = A1147E17268912E5004FCC79 /* SceneDelegate.swift */; };
		A1147E1A268912E5004FCC79 /* ViewController.swift in Sources */ = {isa = PBXBuildFile; fileRef = A1147E19268912E5004FCC79 /* ViewController.swift */; };
		A1147E1D268912E5004FCC79 /* Main.storyboard in Resources */ = {isa = PBXBuildFile; fileRef = A1147E1B268912E5004FCC79 /* Main.storyboard */; };
		A1147E1F268912E6004FCC79 /* Assets.xcassets in Resources */ = {isa = PBXBuildFile; fileRef = A1147E1E268912E6004FCC79 /* Assets.xcassets */; };
		A1147E22268912E6004FCC79 /* LaunchScreen.storyboard in Resources */ = {isa = PBXBuildFile; fileRef = A1147E20268912E6004FCC79 /* LaunchScreen.storyboard */; };
		A1147E2D268912E6004FCC79 /* MusicAPITests.swift in Sources */ = {isa = PBXBuildFile; fileRef = A1147E2C268912E6004FCC79 /* MusicAPITests.swift */; };
		A1147E37268912E6004FCC79 /* MusicAPIUITests.swift in Sources */ = {isa = PBXBuildFile; fileRef = A1147E36268912E6004FCC79 /* MusicAPIUITests.swift */; };
		A1F2896E268CE10A00F9751A /* StoreFront.swift in Sources */ = {isa = PBXBuildFile; fileRef = A1F2896D268CE10A00F9751A /* StoreFront.swift */; };
/* End PBXBuildFile section */

/* Begin PBXContainerItemProxy section */
		A1147E29268912E6004FCC79 /* PBXContainerItemProxy */ = {
			isa = PBXContainerItemProxy;
			containerPortal = A1147E0A268912E5004FCC79 /* Project object */;
			proxyType = 1;
			remoteGlobalIDString = A1147E11268912E5004FCC79;
			remoteInfo = MusicAPI;
		};
		A1147E33268912E6004FCC79 /* PBXContainerItemProxy */ = {
			isa = PBXContainerItemProxy;
			containerPortal = A1147E0A268912E5004FCC79 /* Project object */;
			proxyType = 1;
			remoteGlobalIDString = A1147E11268912E5004FCC79;
			remoteInfo = MusicAPI;
		};
/* End PBXContainerItemProxy section */

/* Begin PBXFileReference section */
		A1147E12268912E5004FCC79 /* MusicAPI.app */ = {isa = PBXFileReference; explicitFileType = wrapper.application; includeInIndex = 0; path = MusicAPI.app; sourceTree = BUILT_PRODUCTS_DIR; };
		A1147E15268912E5004FCC79 /* AppDelegate.swift */ = {isa = PBXFileReference; lastKnownFileType = sourcecode.swift; path = AppDelegate.swift; sourceTree = "<group>"; };
		A1147E17268912E5004FCC79 /* SceneDelegate.swift */ = {isa = PBXFileReference; lastKnownFileType = sourcecode.swift; path = SceneDelegate.swift; sourceTree = "<group>"; };
		A1147E19268912E5004FCC79 /* ViewController.swift */ = {isa = PBXFileReference; lastKnownFileType = sourcecode.swift; path = ViewController.swift; sourceTree = "<group>"; };
		A1147E1C268912E5004FCC79 /* Base */ = {isa = PBXFileReference; lastKnownFileType = file.storyboard; name = Base; path = Base.lproj/Main.storyboard; sourceTree = "<group>"; };
		A1147E1E268912E6004FCC79 /* Assets.xcassets */ = {isa = PBXFileReference; lastKnownFileType = folder.assetcatalog; path = Assets.xcassets; sourceTree = "<group>"; };
		A1147E21268912E6004FCC79 /* Base */ = {isa = PBXFileReference; lastKnownFileType = file.storyboard; name = Base; path = Base.lproj/LaunchScreen.storyboard; sourceTree = "<group>"; };
		A1147E23268912E6004FCC79 /* Info.plist */ = {isa = PBXFileReference; lastKnownFileType = text.plist.xml; path = Info.plist; sourceTree = "<group>"; };
		A1147E28268912E6004FCC79 /* MusicAPITests.xctest */ = {isa = PBXFileReference; explicitFileType = wrapper.cfbundle; includeInIndex = 0; path = MusicAPITests.xctest; sourceTree = BUILT_PRODUCTS_DIR; };
		A1147E2C268912E6004FCC79 /* MusicAPITests.swift */ = {isa = PBXFileReference; lastKnownFileType = sourcecode.swift; path = MusicAPITests.swift; sourceTree = "<group>"; };
		A1147E32268912E6004FCC79 /* MusicAPIUITests.xctest */ = {isa = PBXFileReference; explicitFileType = wrapper.cfbundle; includeInIndex = 0; path = MusicAPIUITests.xctest; sourceTree = BUILT_PRODUCTS_DIR; };
		A1147E36268912E6004FCC79 /* MusicAPIUITests.swift */ = {isa = PBXFileReference; lastKnownFileType = sourcecode.swift; path = MusicAPIUITests.swift; sourceTree = "<group>"; };
		A1F2896D268CE10A00F9751A /* StoreFront.swift */ = {isa = PBXFileReference; fileEncoding = 4; lastKnownFileType = sourcecode.swift; path = StoreFront.swift; sourceTree = "<group>"; };
/* End PBXFileReference section */

/* Begin PBXFrameworksBuildPhase section */
		A1147E0F268912E5004FCC79 /* Frameworks */ = {
			isa = PBXFrameworksBuildPhase;
			buildActionMask = 2147483647;
			files = (
			);
			runOnlyForDeploymentPostprocessing = 0;
		};
		A1147E25268912E6004FCC79 /* Frameworks */ = {
			isa = PBXFrameworksBuildPhase;
			buildActionMask = 2147483647;
			files = (
			);
			runOnlyForDeploymentPostprocessing = 0;
		};
		A1147E2F268912E6004FCC79 /* Frameworks */ = {
			isa = PBXFrameworksBuildPhase;
			buildActionMask = 2147483647;
			files = (
			);
			runOnlyForDeploymentPostprocessing = 0;
		};
/* End PBXFrameworksBuildPhase section */

/* Begin PBXGroup section */
		A1147E09268912E5004FCC79 = {
			isa = PBXGroup;
			children = (
				A1147E14268912E5004FCC79 /* MusicAPI */,
				A1147E2B268912E6004FCC79 /* MusicAPITests */,
				A1147E35268912E6004FCC79 /* MusicAPIUITests */,
				A1147E13268912E5004FCC79 /* Products */,
			);
			sourceTree = "<group>";
		};
		A1147E13268912E5004FCC79 /* Products */ = {
			isa = PBXGroup;
			children = (
				A1147E12268912E5004FCC79 /* MusicAPI.app */,
				A1147E28268912E6004FCC79 /* MusicAPITests.xctest */,
				A1147E32268912E6004FCC79 /* MusicAPIUITests.xctest */,
			);
			name = Products;
			sourceTree = "<group>";
		};
		A1147E14268912E5004FCC79 /* MusicAPI */ = {
			isa = PBXGroup;
			children = (
				A1147E15268912E5004FCC79 /* AppDelegate.swift */,
				A1147E17268912E5004FCC79 /* SceneDelegate.swift */,
				A1147E19268912E5004FCC79 /* ViewController.swift */,
				A1F2896D268CE10A00F9751A /* StoreFront.swift */,
				A1147E1B268912E5004FCC79 /* Main.storyboard */,
				A1147E1E268912E6004FCC79 /* Assets.xcassets */,
				A1147E20268912E6004FCC79 /* LaunchScreen.storyboard */,
				A1147E23268912E6004FCC79 /* Info.plist */,
			);
			path = MusicAPI;
			sourceTree = "<group>";
		};
		A1147E2B268912E6004FCC79 /* MusicAPITests */ = {
			isa = PBXGroup;
			children = (
				A1147E2C268912E6004FCC79 /* MusicAPITests.swift */,
			);
			path = MusicAPITests;
			sourceTree = "<group>";
		};
		A1147E35268912E6004FCC79 /* MusicAPIUITests */ = {
			isa = PBXGroup;
			children = (
				A1147E36268912E6004FCC79 /* MusicAPIUITests.swift */,
			);
			path = MusicAPIUITests;
			sourceTree = "<group>";
		};
/* End PBXGroup section */

/* Begin PBXNativeTarget section */
		A1147E11268912E5004FCC79 /* MusicAPI */ = {
			isa = PBXNativeTarget;
			buildConfigurationList = A1147E3A268912E6004FCC79 /* Build configuration list for PBXNativeTarget "MusicAPI" */;
			buildPhases = (
				A1147E0E268912E5004FCC79 /* Sources */,
				A1147E0F268912E5004FCC79 /* Frameworks */,
				A1147E10268912E5004FCC79 /* Resources */,
			);
			buildRules = (
			);
			dependencies = (
			);
			name = MusicAPI;
			productName = MusicAPI;
			productReference = A1147E12268912E5004FCC79 /* MusicAPI.app */;
			productType = "com.apple.product-type.application";
		};
		A1147E27268912E6004FCC79 /* MusicAPITests */ = {
			isa = PBXNativeTarget;
			buildConfigurationList = A1147E3D268912E6004FCC79 /* Build configuration list for PBXNativeTarget "MusicAPITests" */;
			buildPhases = (
				A1147E24268912E6004FCC79 /* Sources */,
				A1147E25268912E6004FCC79 /* Frameworks */,
				A1147E26268912E6004FCC79 /* Resources */,
			);
			buildRules = (
			);
			dependencies = (
				A1147E2A268912E6004FCC79 /* PBXTargetDependency */,
			);
			name = MusicAPITests;
			productName = MusicAPITests;
			productReference = A1147E28268912E6004FCC79 /* MusicAPITests.xctest */;
			productType = "com.apple.product-type.bundle.unit-test";
		};
		A1147E31268912E6004FCC79 /* MusicAPIUITests */ = {
			isa = PBXNativeTarget;
			buildConfigurationList = A1147E40268912E6004FCC79 /* Build configuration list for PBXNativeTarget "MusicAPIUITests" */;
			buildPhases = (
				A1147E2E268912E6004FCC79 /* Sources */,
				A1147E2F268912E6004FCC79 /* Frameworks */,
				A1147E30268912E6004FCC79 /* Resources */,
			);
			buildRules = (
			);
			dependencies = (
				A1147E34268912E6004FCC79 /* PBXTargetDependency */,
			);
			name = MusicAPIUITests;
			productName = MusicAPIUITests;
			productReference = A1147E32268912E6004FCC79 /* MusicAPIUITests.xctest */;
			productType = "com.apple.product-type.bundle.ui-testing";
		};
/* End PBXNativeTarget section */

/* Begin PBXProject section */
		A1147E0A268912E5004FCC79 /* Project object */ = {
			isa = PBXProject;
			attributes = {
				BuildIndependentTargetsInParallel = 1;
				LastSwiftUpdateCheck = 1300;
				LastUpgradeCheck = 1300;
				TargetAttributes = {
					A1147E11268912E5004FCC79 = {
						CreatedOnToolsVersion = 13.0;
					};
					A1147E27268912E6004FCC79 = {
						CreatedOnToolsVersion = 13.0;
						TestTargetID = A1147E11268912E5004FCC79;
					};
					A1147E31268912E6004FCC79 = {
						CreatedOnToolsVersion = 13.0;
						TestTargetID = A1147E11268912E5004FCC79;
					};
				};
			};
			buildConfigurationList = A1147E0D268912E5004FCC79 /* Build configuration list for PBXProject "MusicAPI" */;
			compatibilityVersion = "Xcode 13.0";
			developmentRegion = en;
			hasScannedForEncodings = 0;
			knownRegions = (
				en,
				Base,
			);
			mainGroup = A1147E09268912E5004FCC79;
			productRefGroup = A1147E13268912E5004FCC79 /* Products */;
			projectDirPath = "";
			projectRoot = "";
			targets = (
				A1147E11268912E5004FCC79 /* MusicAPI */,
				A1147E27268912E6004FCC79 /* MusicAPITests */,
				A1147E31268912E6004FCC79 /* MusicAPIUITests */,
			);
		};
/* End PBXProject section */

/* Begin PBXResourcesBuildPhase section */
		A1147E10268912E5004FCC79 /* Resources */ = {
			isa = PBXResourcesBuildPhase;
			buildActionMask = 2147483647;
			files = (
				A1147E22268912E6004FCC79 /* LaunchScreen.storyboard in Resources */,
				A1147E1F268912E6004FCC79 /* Assets.xcassets in Resources */,
				A1147E1D268912E5004FCC79 /* Main.storyboard in Resources */,
			);
			runOnlyForDeploymentPostprocessing = 0;
		};
		A1147E26268912E6004FCC79 /* Resources */ = {
			isa = PBXResourcesBuildPhase;
			buildActionMask = 2147483647;
			files = (
			);
			runOnlyForDeploymentPostprocessing = 0;
		};
		A1147E30268912E6004FCC79 /* Resources */ = {
			isa = PBXResourcesBuildPhase;
			buildActionMask = 2147483647;
			files = (
			);
			runOnlyForDeploymentPostprocessing = 0;
		};
/* End PBXResourcesBuildPhase section */

/* Begin PBXSourcesBuildPhase section */
		A1147E0E268912E5004FCC79 /* Sources */ = {
			isa = PBXSourcesBuildPhase;
			buildActionMask = 2147483647;
			files = (
				A1147E1A268912E5004FCC79 /* ViewController.swift in Sources */,
				A1F2896E268CE10A00F9751A /* StoreFront.swift in Sources */,
				A1147E16268912E5004FCC79 /* AppDelegate.swift in Sources */,
				A1147E18268912E5004FCC79 /* SceneDelegate.swift in Sources */,
			);
			runOnlyForDeploymentPostprocessing = 0;
		};
		A1147E24268912E6004FCC79 /* Sources */ = {
			isa = PBXSourcesBuildPhase;
			buildActionMask = 2147483647;
			files = (
				A1147E2D268912E6004FCC79 /* MusicAPITests.swift in Sources */,
			);
			runOnlyForDeploymentPostprocessing = 0;
		};
		A1147E2E268912E6004FCC79 /* Sources */ = {
			isa = PBXSourcesBuildPhase;
			buildActionMask = 2147483647;
			files = (
				A1147E37268912E6004FCC79 /* MusicAPIUITests.swift in Sources */,
			);
			runOnlyForDeploymentPostprocessing = 0;
		};
/* End PBXSourcesBuildPhase section */

/* Begin PBXTargetDependency section */
		A1147E2A268912E6004FCC79 /* PBXTargetDependency */ = {
			isa = PBXTargetDependency;
			target = A1147E11268912E5004FCC79 /* MusicAPI */;
			targetProxy = A1147E29268912E6004FCC79 /* PBXContainerItemProxy */;
		};
		A1147E34268912E6004FCC79 /* PBXTargetDependency */ = {
			isa = PBXTargetDependency;
			target = A1147E11268912E5004FCC79 /* MusicAPI */;
			targetProxy = A1147E33268912E6004FCC79 /* PBXContainerItemProxy */;
		};
/* End PBXTargetDependency section */

/* Begin PBXVariantGroup section */
		A1147E1B268912E5004FCC79 /* Main.storyboard */ = {
			isa = PBXVariantGroup;
			children = (
				A1147E1C268912E5004FCC79 /* Base */,
			);
			name = Main.storyboard;
			sourceTree = "<group>";
		};
		A1147E20268912E6004FCC79 /* LaunchScreen.storyboard */ = {
			isa = PBXVariantGroup;
			children = (
				A1147E21268912E6004FCC79 /* Base */,
			);
			name = LaunchScreen.storyboard;
			sourceTree = "<group>";
		};
/* End PBXVariantGroup section */

/* Begin XCBuildConfiguration section */
		A1147E38268912E6004FCC79 /* Debug */ = {
			isa = XCBuildConfiguration;
			buildSettings = {
				ALWAYS_SEARCH_USER_PATHS = NO;
				CLANG_ANALYZER_NONNULL = YES;
				CLANG_ANALYZER_NUMBER_OBJECT_CONVERSION = YES_AGGRESSIVE;
				CLANG_CXX_LANGUAGE_STANDARD = "gnu++14";
				CLANG_CXX_LIBRARY = "libc++";
				CLANG_ENABLE_MODULES = YES;
				CLANG_ENABLE_OBJC_ARC = YES;
				CLANG_ENABLE_OBJC_WEAK = YES;
				CLANG_WARN_BLOCK_CAPTURE_AUTORELEASING = YES;
				CLANG_WARN_BOOL_CONVERSION = YES;
				CLANG_WARN_COMMA = YES;
				CLANG_WARN_CONSTANT_CONVERSION = YES;
				CLANG_WARN_DEPRECATED_OBJC_IMPLEMENTATIONS = YES;
				CLANG_WARN_DIRECT_OBJC_ISA_USAGE = YES_ERROR;
				CLANG_WARN_DOCUMENTATION_COMMENTS = YES;
				CLANG_WARN_EMPTY_BODY = YES;
				CLANG_WARN_ENUM_CONVERSION = YES;
				CLANG_WARN_INFINITE_RECURSION = YES;
				CLANG_WARN_INT_CONVERSION = YES;
				CLANG_WARN_NON_LITERAL_NULL_CONVERSION = YES;
				CLANG_WARN_OBJC_IMPLICIT_RETAIN_SELF = YES;
				CLANG_WARN_OBJC_LITERAL_CONVERSION = YES;
				CLANG_WARN_OBJC_ROOT_CLASS = YES_ERROR;
				CLANG_WARN_QUOTED_INCLUDE_IN_FRAMEWORK_HEADER = YES;
				CLANG_WARN_RANGE_LOOP_ANALYSIS = YES;
				CLANG_WARN_STRICT_PROTOTYPES = YES;
				CLANG_WARN_SUSPICIOUS_MOVE = YES;
				CLANG_WARN_UNGUARDED_AVAILABILITY = YES_AGGRESSIVE;
				CLANG_WARN_UNREACHABLE_CODE = YES;
				CLANG_WARN__DUPLICATE_METHOD_MATCH = YES;
				COPY_PHASE_STRIP = NO;
				DEBUG_INFORMATION_FORMAT = dwarf;
				ENABLE_STRICT_OBJC_MSGSEND = YES;
				ENABLE_TESTABILITY = YES;
				GCC_C_LANGUAGE_STANDARD = gnu11;
				GCC_DYNAMIC_NO_PIC = NO;
				GCC_NO_COMMON_BLOCKS = YES;
				GCC_OPTIMIZATION_LEVEL = 0;
				GCC_PREPROCESSOR_DEFINITIONS = (
					"DEBUG=1",
					"$(inherited)",
				);
				GCC_WARN_64_TO_32_BIT_CONVERSION = YES;
				GCC_WARN_ABOUT_RETURN_TYPE = YES_ERROR;
				GCC_WARN_UNDECLARED_SELECTOR = YES;
				GCC_WARN_UNINITIALIZED_AUTOS = YES_AGGRESSIVE;
				GCC_WARN_UNUSED_FUNCTION = YES;
				GCC_WARN_UNUSED_VARIABLE = YES;
				IPHONEOS_DEPLOYMENT_TARGET = 15.0;
				MTL_ENABLE_DEBUG_INFO = INCLUDE_SOURCE;
				MTL_FAST_MATH = YES;
				ONLY_ACTIVE_ARCH = YES;
				SDKROOT = iphoneos;
				SWIFT_ACTIVE_COMPILATION_CONDITIONS = DEBUG;
				SWIFT_OPTIMIZATION_LEVEL = "-Onone";
			};
			name = Debug;
		};
		A1147E39268912E6004FCC79 /* Release */ = {
			isa = XCBuildConfiguration;
			buildSettings = {
				ALWAYS_SEARCH_USER_PATHS = NO;
				CLANG_ANALYZER_NONNULL = YES;
				CLANG_ANALYZER_NUMBER_OBJECT_CONVERSION = YES_AGGRESSIVE;
				CLANG_CXX_LANGUAGE_STANDARD = "gnu++14";
				CLANG_CXX_LIBRARY = "libc++";
				CLANG_ENABLE_MODULES = YES;
				CLANG_ENABLE_OBJC_ARC = YES;
				CLANG_ENABLE_OBJC_WEAK = YES;
				CLANG_WARN_BLOCK_CAPTURE_AUTORELEASING = YES;
				CLANG_WARN_BOOL_CONVERSION = YES;
				CLANG_WARN_COMMA = YES;
				CLANG_WARN_CONSTANT_CONVERSION = YES;
				CLANG_WARN_DEPRECATED_OBJC_IMPLEMENTATIONS = YES;
				CLANG_WARN_DIRECT_OBJC_ISA_USAGE = YES_ERROR;
				CLANG_WARN_DOCUMENTATION_COMMENTS = YES;
				CLANG_WARN_EMPTY_BODY = YES;
				CLANG_WARN_ENUM_CONVERSION = YES;
				CLANG_WARN_INFINITE_RECURSION = YES;
				CLANG_WARN_INT_CONVERSION = YES;
				CLANG_WARN_NON_LITERAL_NULL_CONVERSION = YES;
				CLANG_WARN_OBJC_IMPLICIT_RETAIN_SELF = YES;
				CLANG_WARN_OBJC_LITERAL_CONVERSION = YES;
				CLANG_WARN_OBJC_ROOT_CLASS = YES_ERROR;
				CLANG_WARN_QUOTED_INCLUDE_IN_FRAMEWORK_HEADER = YES;
				CLANG_WARN_RANGE_LOOP_ANALYSIS = YES;
				CLANG_WARN_STRICT_PROTOTYPES = YES;
				CLANG_WARN_SUSPICIOUS_MOVE = YES;
				CLANG_WARN_UNGUARDED_AVAILABILITY = YES_AGGRESSIVE;
				CLANG_WARN_UNREACHABLE_CODE = YES;
				CLANG_WARN__DUPLICATE_METHOD_MATCH = YES;
				COPY_PHASE_STRIP = NO;
				DEBUG_INFORMATION_FORMAT = "dwarf-with-dsym";
				ENABLE_NS_ASSERTIONS = NO;
				ENABLE_STRICT_OBJC_MSGSEND = YES;
				GCC_C_LANGUAGE_STANDARD = gnu11;
				GCC_NO_COMMON_BLOCKS = YES;
				GCC_WARN_64_TO_32_BIT_CONVERSION = YES;
				GCC_WARN_ABOUT_RETURN_TYPE = YES_ERROR;
				GCC_WARN_UNDECLARED_SELECTOR = YES;
				GCC_WARN_UNINITIALIZED_AUTOS = YES_AGGRESSIVE;
				GCC_WARN_UNUSED_FUNCTION = YES;
				GCC_WARN_UNUSED_VARIABLE = YES;
				IPHONEOS_DEPLOYMENT_TARGET = 15.0;
				MTL_ENABLE_DEBUG_INFO = NO;
				MTL_FAST_MATH = YES;
				SDKROOT = iphoneos;
				SWIFT_COMPILATION_MODE = wholemodule;
				SWIFT_OPTIMIZATION_LEVEL = "-O";
				VALIDATE_PRODUCT = YES;
			};
			name = Release;
		};
		A1147E3B268912E6004FCC79 /* Debug */ = {
			isa = XCBuildConfiguration;
			buildSettings = {
				ASSETCATALOG_COMPILER_APPICON_NAME = AppIcon;
				ASSETCATALOG_COMPILER_GLOBAL_ACCENT_COLOR_NAME = AccentColor;
				CODE_SIGN_STYLE = Automatic;
				CURRENT_PROJECT_VERSION = 1;
				DEVELOPMENT_TEAM = 92A277ZDK2;
				GENERATE_INFOPLIST_FILE = YES;
				INFOPLIST_FILE = MusicAPI/Info.plist;
				INFOPLIST_KEY_UIApplicationSupportsIndirectInputEvents = YES;
				INFOPLIST_KEY_UILaunchStoryboardName = LaunchScreen;
				INFOPLIST_KEY_UIMainStoryboardFile = Main;
				INFOPLIST_KEY_UISupportedInterfaceOrientations_iPad = "UIInterfaceOrientationPortrait UIInterfaceOrientationPortraitUpsideDown UIInterfaceOrientationLandscapeLeft UIInterfaceOrientationLandscapeRight";
				INFOPLIST_KEY_UISupportedInterfaceOrientations_iPhone = "UIInterfaceOrientationPortrait UIInterfaceOrientationLandscapeLeft UIInterfaceOrientationLandscapeRight";
				LD_RUNPATH_SEARCH_PATHS = (
					"$(inherited)",
					"@executable_path/Frameworks",
				);
				MARKETING_VERSION = 1.0;
				PRODUCT_BUNDLE_IDENTIFIER = cc.sweetman.In;
				PRODUCT_NAME = "$(TARGET_NAME)";
				SWIFT_EMIT_LOC_STRINGS = YES;
				SWIFT_VERSION = 5.0;
				TARGETED_DEVICE_FAMILY = "1,2";
			};
			name = Debug;
		};
		A1147E3C268912E6004FCC79 /* Release */ = {
			isa = XCBuildConfiguration;
			buildSettings = {
				ASSETCATALOG_COMPILER_APPICON_NAME = AppIcon;
				ASSETCATALOG_COMPILER_GLOBAL_ACCENT_COLOR_NAME = AccentColor;
				CODE_SIGN_STYLE = Automatic;
				CURRENT_PROJECT_VERSION = 1;
				DEVELOPMENT_TEAM = 92A277ZDK2;
				GENERATE_INFOPLIST_FILE = YES;
				INFOPLIST_FILE = MusicAPI/Info.plist;
				INFOPLIST_KEY_UIApplicationSupportsIndirectInputEvents = YES;
				INFOPLIST_KEY_UILaunchStoryboardName = LaunchScreen;
				INFOPLIST_KEY_UIMainStoryboardFile = Main;
				INFOPLIST_KEY_UISupportedInterfaceOrientations_iPad = "UIInterfaceOrientationPortrait UIInterfaceOrientationPortraitUpsideDown UIInterfaceOrientationLandscapeLeft UIInterfaceOrientationLandscapeRight";
				INFOPLIST_KEY_UISupportedInterfaceOrientations_iPhone = "UIInterfaceOrientationPortrait UIInterfaceOrientationLandscapeLeft UIInterfaceOrientationLandscapeRight";
				LD_RUNPATH_SEARCH_PATHS = (
					"$(inherited)",
					"@executable_path/Frameworks",
				);
				MARKETING_VERSION = 1.0;
				PRODUCT_BUNDLE_IDENTIFIER = cc.sweetman.In;
				PRODUCT_NAME = "$(TARGET_NAME)";
				SWIFT_EMIT_LOC_STRINGS = YES;
				SWIFT_VERSION = 5.0;
				TARGETED_DEVICE_FAMILY = "1,2";
			};
			name = Release;
		};
		A1147E3E268912E6004FCC79 /* Debug */ = {
			isa = XCBuildConfiguration;
			buildSettings = {
				ALWAYS_EMBED_SWIFT_STANDARD_LIBRARIES = YES;
				BUNDLE_LOADER = "$(TEST_HOST)";
				CODE_SIGN_STYLE = Automatic;
				CURRENT_PROJECT_VERSION = 1;
				DEVELOPMENT_TEAM = 92A277ZDK2;
				GENERATE_INFOPLIST_FILE = YES;
				IPHONEOS_DEPLOYMENT_TARGET = 15.0;
				LD_RUNPATH_SEARCH_PATHS = (
					"$(inherited)",
					"@executable_path/Frameworks",
					"@loader_path/Frameworks",
				);
				MARKETING_VERSION = 1.0;
				PRODUCT_BUNDLE_IDENTIFIER = me.sweetman.music.MusicAPITests;
				PRODUCT_NAME = "$(TARGET_NAME)";
				SWIFT_EMIT_LOC_STRINGS = NO;
				SWIFT_VERSION = 5.0;
				TARGETED_DEVICE_FAMILY = "1,2";
				TEST_HOST = "$(BUILT_PRODUCTS_DIR)/MusicAPI.app/MusicAPI";
			};
			name = Debug;
		};
		A1147E3F268912E6004FCC79 /* Release */ = {
			isa = XCBuildConfiguration;
			buildSettings = {
				ALWAYS_EMBED_SWIFT_STANDARD_LIBRARIES = YES;
				BUNDLE_LOADER = "$(TEST_HOST)";
				CODE_SIGN_STYLE = Automatic;
				CURRENT_PROJECT_VERSION = 1;
				DEVELOPMENT_TEAM = 92A277ZDK2;
				GENERATE_INFOPLIST_FILE = YES;
				IPHONEOS_DEPLOYMENT_TARGET = 15.0;
				LD_RUNPATH_SEARCH_PATHS = (
					"$(inherited)",
					"@executable_path/Frameworks",
					"@loader_path/Frameworks",
				);
				MARKETING_VERSION = 1.0;
				PRODUCT_BUNDLE_IDENTIFIER = me.sweetman.music.MusicAPITests;
				PRODUCT_NAME = "$(TARGET_NAME)";
				SWIFT_EMIT_LOC_STRINGS = NO;
				SWIFT_VERSION = 5.0;
				TARGETED_DEVICE_FAMILY = "1,2";
				TEST_HOST = "$(BUILT_PRODUCTS_DIR)/MusicAPI.app/MusicAPI";
			};
			name = Release;
		};
		A1147E41268912E6004FCC79 /* Debug */ = {
			isa = XCBuildConfiguration;
			buildSettings = {
				ALWAYS_EMBED_SWIFT_STANDARD_LIBRARIES = YES;
				CODE_SIGN_STYLE = Automatic;
				CURRENT_PROJECT_VERSION = 1;
				DEVELOPMENT_TEAM = 92A277ZDK2;
				GENERATE_INFOPLIST_FILE = YES;
				LD_RUNPATH_SEARCH_PATHS = (
					"$(inherited)",
					"@executable_path/Frameworks",
					"@loader_path/Frameworks",
				);
				MARKETING_VERSION = 1.0;
				PRODUCT_BUNDLE_IDENTIFIER = me.sweetman.music.MusicAPIUITests;
				PRODUCT_NAME = "$(TARGET_NAME)";
				SWIFT_EMIT_LOC_STRINGS = NO;
				SWIFT_VERSION = 5.0;
				TARGETED_DEVICE_FAMILY = "1,2";
				TEST_TARGET_NAME = MusicAPI;
			};
			name = Debug;
		};
		A1147E42268912E6004FCC79 /* Release */ = {
			isa = XCBuildConfiguration;
			buildSettings = {
				ALWAYS_EMBED_SWIFT_STANDARD_LIBRARIES = YES;
				CODE_SIGN_STYLE = Automatic;
				CURRENT_PROJECT_VERSION = 1;
				DEVELOPMENT_TEAM = 92A277ZDK2;
				GENERATE_INFOPLIST_FILE = YES;
				LD_RUNPATH_SEARCH_PATHS = (
					"$(inherited)",
					"@executable_path/Frameworks",
					"@loader_path/Frameworks",
				);
				MARKETING_VERSION = 1.0;
				PRODUCT_BUNDLE_IDENTIFIER = me.sweetman.music.MusicAPIUITests;
				PRODUCT_NAME = "$(TARGET_NAME)";
				SWIFT_EMIT_LOC_STRINGS = NO;
				SWIFT_VERSION = 5.0;
				TARGETED_DEVICE_FAMILY = "1,2";
				TEST_TARGET_NAME = MusicAPI;
			};
			name = Release;
		};
/* End XCBuildConfiguration section */

/* Begin XCConfigurationList section */
		A1147E0D268912E5004FCC79 /* Build configuration list for PBXProject "MusicAPI" */ = {
			isa = XCConfigurationList;
			buildConfigurations = (
				A1147E38268912E6004FCC79 /* Debug */,
				A1147E39268912E6004FCC79 /* Release */,
			);
			defaultConfigurationIsVisible = 0;
			defaultConfigurationName = Release;
		};
		A1147E3A268912E6004FCC79 /* Build configuration list for PBXNativeTarget "MusicAPI" */ = {
			isa = XCConfigurationList;
			buildConfigurations = (
				A1147E3B268912E6004FCC79 /* Debug */,
				A1147E3C268912E6004FCC79 /* Release */,
			);
			defaultConfigurationIsVisible = 0;
			defaultConfigurationName = Release;
		};
		A1147E3D268912E6004FCC79 /* Build configuration list for PBXNativeTarget "MusicAPITests" */ = {
			isa = XCConfigurationList;
			buildConfigurations = (
				A1147E3E268912E6004FCC79 /* Debug */,
				A1147E3F268912E6004FCC79 /* Release */,
			);
			defaultConfigurationIsVisible = 0;
			defaultConfigurationName = Release;
		};
		A1147E40268912E6004FCC79 /* Build configuration list for PBXNativeTarget "MusicAPIUITests" */ = {
			isa = XCConfigurationList;
			buildConfigurations = (
				A1147E41268912E6004FCC79 /* Debug */,
				A1147E42268912E6004FCC79 /* Release */,
			);
			defaultConfigurationIsVisible = 0;
			defaultConfigurationName = Release;
		};
/* End XCConfigurationList section */
	};
	rootObject = A1147E0A268912E5004FCC79 /* Project object */;
}
